// !$*UTF8*$!
{
	archiveVersion = 1;
	classes = {
	};
	objectVersion = 50;
	objects = {

/* Begin PBXBuildFile section */
		1407F9AD21C784AB00C3D047 /* CocoaAsyncSocket.framework in Embed Frameworks */ = {isa = PBXBuildFile; fileRef = 1407F9AA21C7833C00C3D047 /* CocoaAsyncSocket.framework */; settings = {ATTRIBUTES = (CodeSignOnCopy, RemoveHeadersOnCopy, ); }; };
		1407F9B321C88A3100C3D047 /* SocketViewController.swift in Sources */ = {isa = PBXBuildFile; fileRef = 1407F9B121C88A3100C3D047 /* SocketViewController.swift */; };
		1407F9B421C88A3100C3D047 /* SocketViewController.xib in Resources */ = {isa = PBXBuildFile; fileRef = 1407F9B221C88A3100C3D047 /* SocketViewController.xib */; };
		1407F9C321C8E53800C3D047 /* RCTextField.swift in Sources */ = {isa = PBXBuildFile; fileRef = 1407F9C221C8E53800C3D047 /* RCTextField.swift */; };
		1407F9C621C8F61100C3D047 /* RCTextFieldCell.swift in Sources */ = {isa = PBXBuildFile; fileRef = 1407F9C521C8F61100C3D047 /* RCTextFieldCell.swift */; };
		E95A642421C6583D00E973D5 /* AppDelegate.swift in Sources */ = {isa = PBXBuildFile; fileRef = E95A642321C6583D00E973D5 /* AppDelegate.swift */; };
		E95A642621C6583E00E973D5 /* Assets.xcassets in Resources */ = {isa = PBXBuildFile; fileRef = E95A642521C6583E00E973D5 /* Assets.xcassets */; };
		E95A642921C6583E00E973D5 /* MainMenu.xib in Resources */ = {isa = PBXBuildFile; fileRef = E95A642721C6583E00E973D5 /* MainMenu.xib */; };
		E95A643921C65AEE00E973D5 /* RootViewController.swift in Sources */ = {isa = PBXBuildFile; fileRef = E95A643721C65AEE00E973D5 /* RootViewController.swift */; };
		E95A643A21C65AEE00E973D5 /* RootViewController.xib in Resources */ = {isa = PBXBuildFile; fileRef = E95A643821C65AEE00E973D5 /* RootViewController.xib */; };
/* End PBXBuildFile section */

/* Begin PBXCopyFilesBuildPhase section */
		1407F9AE21C784AC00C3D047 /* Embed Frameworks */ = {
			isa = PBXCopyFilesBuildPhase;
			buildActionMask = 2147483647;
			dstPath = "";
			dstSubfolderSpec = 10;
			files = (
				1407F9AD21C784AB00C3D047 /* CocoaAsyncSocket.framework in Embed Frameworks */,
			);
			name = "Embed Frameworks";
			runOnlyForDeploymentPostprocessing = 0;
		};
/* End PBXCopyFilesBuildPhase section */

/* Begin PBXFileReference section */
		1407F9AA21C7833C00C3D047 /* CocoaAsyncSocket.framework */ = {isa = PBXFileReference; lastKnownFileType = wrapper.framework; name = CocoaAsyncSocket.framework; path = Carthage/Build/Mac/CocoaAsyncSocket.framework; sourceTree = "<group>"; };
		1407F9B121C88A3100C3D047 /* SocketViewController.swift */ = {isa = PBXFileReference; lastKnownFileType = sourcecode.swift; path = SocketViewController.swift; sourceTree = "<group>"; };
		1407F9B221C88A3100C3D047 /* SocketViewController.xib */ = {isa = PBXFileReference; lastKnownFileType = file.xib; path = SocketViewController.xib; sourceTree = "<group>"; };
		1407F9C221C8E53800C3D047 /* RCTextField.swift */ = {isa = PBXFileReference; lastKnownFileType = sourcecode.swift; path = RCTextField.swift; sourceTree = "<group>"; };
		1407F9C521C8F61100C3D047 /* RCTextFieldCell.swift */ = {isa = PBXFileReference; lastKnownFileType = sourcecode.swift; path = RCTextFieldCell.swift; sourceTree = "<group>"; };
		E95A642021C6583D00E973D5 /* NSDemo.app */ = {isa = PBXFileReference; explicitFileType = wrapper.application; includeInIndex = 0; path = NSDemo.app; sourceTree = BUILT_PRODUCTS_DIR; };
		E95A642321C6583D00E973D5 /* AppDelegate.swift */ = {isa = PBXFileReference; lastKnownFileType = sourcecode.swift; path = AppDelegate.swift; sourceTree = "<group>"; };
		E95A642521C6583E00E973D5 /* Assets.xcassets */ = {isa = PBXFileReference; lastKnownFileType = folder.assetcatalog; path = Assets.xcassets; sourceTree = "<group>"; };
		E95A642821C6583E00E973D5 /* Base */ = {isa = PBXFileReference; lastKnownFileType = file.xib; name = Base; path = Base.lproj/MainMenu.xib; sourceTree = "<group>"; };
		E95A642A21C6583E00E973D5 /* Info.plist */ = {isa = PBXFileReference; lastKnownFileType = text.plist.xml; path = Info.plist; sourceTree = "<group>"; };
		E95A642B21C6583E00E973D5 /* NSDemo.entitlements */ = {isa = PBXFileReference; lastKnownFileType = text.plist.entitlements; path = NSDemo.entitlements; sourceTree = "<group>"; };
		E95A643721C65AEE00E973D5 /* RootViewController.swift */ = {isa = PBXFileReference; lastKnownFileType = sourcecode.swift; path = RootViewController.swift; sourceTree = "<group>"; };
		E95A643821C65AEE00E973D5 /* RootViewController.xib */ = {isa = PBXFileReference; lastKnownFileType = file.xib; path = RootViewController.xib; sourceTree = "<group>"; };
/* End PBXFileReference section */

/* Begin PBXFrameworksBuildPhase section */
		E95A641D21C6583D00E973D5 /* Frameworks */ = {
			isa = PBXFrameworksBuildPhase;
			buildActionMask = 2147483647;
			files = (
			);
			runOnlyForDeploymentPostprocessing = 0;
		};
/* End PBXFrameworksBuildPhase section */

/* Begin PBXGroup section */
		1407F9A921C7833B00C3D047 /* Frameworks */ = {
			isa = PBXGroup;
			children = (
				1407F9AA21C7833C00C3D047 /* CocoaAsyncSocket.framework */,
			);
			name = Frameworks;
			sourceTree = "<group>";
		};
		1407F9B521C88A3B00C3D047 /* res */ = {
			isa = PBXGroup;
			children = (
				E95A643721C65AEE00E973D5 /* RootViewController.swift */,
				E95A643821C65AEE00E973D5 /* RootViewController.xib */,
				1407F9B121C88A3100C3D047 /* SocketViewController.swift */,
				1407F9B221C88A3100C3D047 /* SocketViewController.xib */,
				1407F9C221C8E53800C3D047 /* RCTextField.swift */,
				1407F9C521C8F61100C3D047 /* RCTextFieldCell.swift */,
			);
			path = res;
			sourceTree = "<group>";
		};
		E95A641721C6583D00E973D5 = {
			isa = PBXGroup;
			children = (
				E95A642221C6583D00E973D5 /* NSDemo */,
				E95A642121C6583D00E973D5 /* Products */,
				1407F9A921C7833B00C3D047 /* Frameworks */,
			);
			sourceTree = "<group>";
		};
		E95A642121C6583D00E973D5 /* Products */ = {
			isa = PBXGroup;
			children = (
				E95A642021C6583D00E973D5 /* NSDemo.app */,
			);
			name = Products;
			sourceTree = "<group>";
		};
		E95A642221C6583D00E973D5 /* NSDemo */ = {
			isa = PBXGroup;
			children = (
				1407F9B521C88A3B00C3D047 /* res */,
				E95A642321C6583D00E973D5 /* AppDelegate.swift */,
				E95A642521C6583E00E973D5 /* Assets.xcassets */,
				E95A642721C6583E00E973D5 /* MainMenu.xib */,
				E95A642A21C6583E00E973D5 /* Info.plist */,
				E95A642B21C6583E00E973D5 /* NSDemo.entitlements */,
			);
			path = NSDemo;
			sourceTree = "<group>";
		};
/* End PBXGroup section */

/* Begin PBXNativeTarget section */
		E95A641F21C6583D00E973D5 /* NSDemo */ = {
			isa = PBXNativeTarget;
			buildConfigurationList = E95A642E21C6583E00E973D5 /* Build configuration list for PBXNativeTarget "NSDemo" */;
			buildPhases = (
				E95A641C21C6583D00E973D5 /* Sources */,
				E95A641D21C6583D00E973D5 /* Frameworks */,
				E95A641E21C6583D00E973D5 /* Resources */,
				1407F9AE21C784AC00C3D047 /* Embed Frameworks */,
			);
			buildRules = (
			);
			dependencies = (
			);
			name = NSDemo;
			productName = NSDemo;
			productReference = E95A642021C6583D00E973D5 /* NSDemo.app */;
			productType = "com.apple.product-type.application";
		};
/* End PBXNativeTarget section */

/* Begin PBXProject section */
		E95A641821C6583D00E973D5 /* Project object */ = {
			isa = PBXProject;
			attributes = {
				LastSwiftUpdateCheck = 1010;
				LastUpgradeCheck = 1010;
				ORGANIZATIONNAME = "王业发";
				TargetAttributes = {
					E95A641F21C6583D00E973D5 = {
						CreatedOnToolsVersion = 10.1;
						SystemCapabilities = {
							com.apple.Sandbox = {
								enabled = 0;
							};
						};
					};
				};
			};
			buildConfigurationList = E95A641B21C6583D00E973D5 /* Build configuration list for PBXProject "NSDemo" */;
			compatibilityVersion = "Xcode 9.3";
			developmentRegion = en;
			hasScannedForEncodings = 0;
			knownRegions = (
				en,
				Base,
			);
			mainGroup = E95A641721C6583D00E973D5;
			productRefGroup = E95A642121C6583D00E973D5 /* Products */;
			projectDirPath = "";
			projectRoot = "";
			targets = (
				E95A641F21C6583D00E973D5 /* NSDemo */,
			);
		};
/* End PBXProject section */

/* Begin PBXResourcesBuildPhase section */
		E95A641E21C6583D00E973D5 /* Resources */ = {
			isa = PBXResourcesBuildPhase;
			buildActionMask = 2147483647;
			files = (
				E95A642621C6583E00E973D5 /* Assets.xcassets in Resources */,
				1407F9B421C88A3100C3D047 /* SocketViewController.xib in Resources */,
				E95A642921C6583E00E973D5 /* MainMenu.xib in Resources */,
				E95A643A21C65AEE00E973D5 /* RootViewController.xib in Resources */,
			);
			runOnlyForDeploymentPostprocessing = 0;
		};
/* End PBXResourcesBuildPhase section */

/* Begin PBXSourcesBuildPhase section */
		E95A641C21C6583D00E973D5 /* Sources */ = {
			isa = PBXSourcesBuildPhase;
			buildActionMask = 2147483647;
			files = (
				1407F9C621C8F61100C3D047 /* RCTextFieldCell.swift in Sources */,
				E95A642421C6583D00E973D5 /* AppDelegate.swift in Sources */,
				1407F9B321C88A3100C3D047 /* SocketViewController.swift in Sources */,
				1407F9C321C8E53800C3D047 /* RCTextField.swift in Sources */,
				E95A643921C65AEE00E973D5 /* RootViewController.swift in Sources */,
			);
			runOnlyForDeploymentPostprocessing = 0;
		};
/* End PBXSourcesBuildPhase section */

/* Begin PBXVariantGroup section */
		E95A642721C6583E00E973D5 /* MainMenu.xib */ = {
			isa = PBXVariantGroup;
			children = (
				E95A642821C6583E00E973D5 /* Base */,
			);
			name = MainMenu.xib;
			sourceTree = "<group>";
		};
/* End PBXVariantGroup section */

/* Begin XCBuildConfiguration section */
		E95A642C21C6583E00E973D5 /* Debug */ = {
			isa = XCBuildConfiguration;
			buildSettings = {
				ALWAYS_SEARCH_USER_PATHS = NO;
				CLANG_ANALYZER_NONNULL = YES;
				CLANG_ANALYZER_NUMBER_OBJECT_CONVERSION = YES_AGGRESSIVE;
				CLANG_CXX_LANGUAGE_STANDARD = "gnu++14";
				CLANG_CXX_LIBRARY = "libc++";
				CLANG_ENABLE_MODULES = YES;
				CLANG_ENABLE_OBJC_ARC = YES;
				CLANG_ENABLE_OBJC_WEAK = YES;
				CLANG_WARN_BLOCK_CAPTURE_AUTORELEASING = YES;
				CLANG_WARN_BOOL_CONVERSION = YES;
				CLANG_WARN_COMMA = YES;
				CLANG_WARN_CONSTANT_CONVERSION = YES;
				CLANG_WARN_DEPRECATED_OBJC_IMPLEMENTATIONS = YES;
				CLANG_WARN_DIRECT_OBJC_ISA_USAGE = YES_ERROR;
				CLANG_WARN_DOCUMENTATION_COMMENTS = YES;
				CLANG_WARN_EMPTY_BODY = YES;
				CLANG_WARN_ENUM_CONVERSION = YES;
				CLANG_WARN_INFINITE_RECURSION = YES;
				CLANG_WARN_INT_CONVERSION = YES;
				CLANG_WARN_NON_LITERAL_NULL_CONVERSION = YES;
				CLANG_WARN_OBJC_IMPLICIT_RETAIN_SELF = YES;
				CLANG_WARN_OBJC_LITERAL_CONVERSION = YES;
				CLANG_WARN_OBJC_ROOT_CLASS = YES_ERROR;
				CLANG_WARN_RANGE_LOOP_ANALYSIS = YES;
				CLANG_WARN_STRICT_PROTOTYPES = YES;
				CLANG_WARN_SUSPICIOUS_MOVE = YES;
				CLANG_WARN_UNGUARDED_AVAILABILITY = YES_AGGRESSIVE;
				CLANG_WARN_UNREACHABLE_CODE = YES;
				CLANG_WARN__DUPLICATE_METHOD_MATCH = YES;
				CODE_SIGN_IDENTITY = "-";
				COPY_PHASE_STRIP = NO;
				DEBUG_INFORMATION_FORMAT = dwarf;
				ENABLE_STRICT_OBJC_MSGSEND = YES;
				ENABLE_TESTABILITY = YES;
				GCC_C_LANGUAGE_STANDARD = gnu11;
				GCC_DYNAMIC_NO_PIC = NO;
				GCC_NO_COMMON_BLOCKS = YES;
				GCC_OPTIMIZATION_LEVEL = 0;
				GCC_PREPROCESSOR_DEFINITIONS = (
					"DEBUG=1",
					"$(inherited)",
				);
				GCC_WARN_64_TO_32_BIT_CONVERSION = YES;
				GCC_WARN_ABOUT_RETURN_TYPE = YES_ERROR;
				GCC_WARN_UNDECLARED_SELECTOR = YES;
				GCC_WARN_UNINITIALIZED_AUTOS = YES_AGGRESSIVE;
				GCC_WARN_UNUSED_FUNCTION = YES;
				GCC_WARN_UNUSED_VARIABLE = YES;
				MACOSX_DEPLOYMENT_TARGET = 10.14;
				MTL_ENABLE_DEBUG_INFO = INCLUDE_SOURCE;
				MTL_FAST_MATH = YES;
				ONLY_ACTIVE_ARCH = YES;
				SDKROOT = macosx;
				SWIFT_ACTIVE_COMPILATION_CONDITIONS = DEBUG;
				SWIFT_OPTIMIZATION_LEVEL = "-Onone";
			};
			name = Debug;
		};
		E95A642D21C6583E00E973D5 /* Release */ = {
			isa = XCBuildConfiguration;
			buildSettings = {
				ALWAYS_SEARCH_USER_PATHS = NO;
				CLANG_ANALYZER_NONNULL = YES;
				CLANG_ANALYZER_NUMBER_OBJECT_CONVERSION = YES_AGGRESSIVE;
				CLANG_CXX_LANGUAGE_STANDARD = "gnu++14";
				CLANG_CXX_LIBRARY = "libc++";
				CLANG_ENABLE_MODULES = YES;
				CLANG_ENABLE_OBJC_ARC = YES;
				CLANG_ENABLE_OBJC_WEAK = YES;
				CLANG_WARN_BLOCK_CAPTURE_AUTORELEASING = YES;
				CLANG_WARN_BOOL_CONVERSION = YES;
				CLANG_WARN_COMMA = YES;
				CLANG_WARN_CONSTANT_CONVERSION = YES;
				CLANG_WARN_DEPRECATED_OBJC_IMPLEMENTATIONS = YES;
				CLANG_WARN_DIRECT_OBJC_ISA_USAGE = YES_ERROR;
				CLANG_WARN_DOCUMENTATION_COMMENTS = YES;
				CLANG_WARN_EMPTY_BODY = YES;
				CLANG_WARN_ENUM_CONVERSION = YES;
				CLANG_WARN_INFINITE_RECURSION = YES;
				CLANG_WARN_INT_CONVERSION = YES;
				CLANG_WARN_NON_LITERAL_NULL_CONVERSION = YES;
				CLANG_WARN_OBJC_IMPLICIT_RETAIN_SELF = YES;
				CLANG_WARN_OBJC_LITERAL_CONVERSION = YES;
				CLANG_WARN_OBJC_ROOT_CLASS = YES_ERROR;
				CLANG_WARN_RANGE_LOOP_ANALYSIS = YES;
				CLANG_WARN_STRICT_PROTOTYPES = YES;
				CLANG_WARN_SUSPICIOUS_MOVE = YES;
				CLANG_WARN_UNGUARDED_AVAILABILITY = YES_AGGRESSIVE;
				CLANG_WARN_UNREACHABLE_CODE = YES;
				CLANG_WARN__DUPLICATE_METHOD_MATCH = YES;
				CODE_SIGN_IDENTITY = "-";
				COPY_PHASE_STRIP = NO;
				DEBUG_INFORMATION_FORMAT = "dwarf-with-dsym";
				ENABLE_NS_ASSERTIONS = NO;
				ENABLE_STRICT_OBJC_MSGSEND = YES;
				GCC_C_LANGUAGE_STANDARD = gnu11;
				GCC_NO_COMMON_BLOCKS = YES;
				GCC_WARN_64_TO_32_BIT_CONVERSION = YES;
				GCC_WARN_ABOUT_RETURN_TYPE = YES_ERROR;
				GCC_WARN_UNDECLARED_SELECTOR = YES;
				GCC_WARN_UNINITIALIZED_AUTOS = YES_AGGRESSIVE;
				GCC_WARN_UNUSED_FUNCTION = YES;
				GCC_WARN_UNUSED_VARIABLE = YES;
				MACOSX_DEPLOYMENT_TARGET = 10.14;
				MTL_ENABLE_DEBUG_INFO = NO;
				MTL_FAST_MATH = YES;
				SDKROOT = macosx;
				SWIFT_COMPILATION_MODE = wholemodule;
				SWIFT_OPTIMIZATION_LEVEL = "-O";
			};
			name = Release;
		};
		E95A642F21C6583E00E973D5 /* Debug */ = {
			isa = XCBuildConfiguration;
			buildSettings = {
				ASSETCATALOG_COMPILER_APPICON_NAME = AppIcon;
				CODE_SIGN_STYLE = Automatic;
				COMBINE_HIDPI_IMAGES = YES;
				FRAMEWORK_SEARCH_PATHS = (
					"$(inherited)",
					"$(PROJECT_DIR)/Carthage/Build/Mac",
				);
				INFOPLIST_FILE = NSDemo/Info.plist;
				LD_RUNPATH_SEARCH_PATHS = (
					"$(inherited)",
					"@executable_path/../Frameworks",
				);
				MACH_O_TYPE = mh_execute;
				MACOSX_DEPLOYMENT_TARGET = 10.14;
				PRODUCT_BUNDLE_IDENTIFIER = com.dow.NSDemo;
				PRODUCT_NAME = "$(TARGET_NAME)";
				SWIFT_VERSION = 4.2;
			};
			name = Debug;
		};
		E95A643021C6583E00E973D5 /* Release */ = {
			isa = XCBuildConfiguration;
			buildSettings = {
				ASSETCATALOG_COMPILER_APPICON_NAME = AppIcon;
				CODE_SIGN_STYLE = Automatic;
				COMBINE_HIDPI_IMAGES = YES;
				FRAMEWORK_SEARCH_PATHS = (
					"$(inherited)",
					"$(PROJECT_DIR)/Carthage/Build/Mac",
				);
				INFOPLIST_FILE = NSDemo/Info.plist;
				LD_RUNPATH_SEARCH_PATHS = (
					"$(inherited)",
					"@executable_path/../Frameworks",
				);
				MACH_O_TYPE = mh_execute;
				MACOSX_DEPLOYMENT_TARGET = 10.14;
				PRODUCT_BUNDLE_IDENTIFIER = com.dow.NSDemo;
				PRODUCT_NAME = "$(TARGET_NAME)";
				SWIFT_VERSION = 4.2;
			};
			name = Release;
		};
/* End XCBuildConfiguration section */

/* Begin XCConfigurationList section */
		E95A641B21C6583D00E973D5 /* Build configuration list for PBXProject "NSDemo" */ = {
			isa = XCConfigurationList;
			buildConfigurations = (
				E95A642C21C6583E00E973D5 /* Debug */,
				E95A642D21C6583E00E973D5 /* Release */,
			);
			defaultConfigurationIsVisible = 0;
			defaultConfigurationName = Release;
		};
		E95A642E21C6583E00E973D5 /* Build configuration list for PBXNativeTarget "NSDemo" */ = {
			isa = XCConfigurationList;
			buildConfigurations = (
				E95A642F21C6583E00E973D5 /* Debug */,
				E95A643021C6583E00E973D5 /* Release */,
			);
			defaultConfigurationIsVisible = 0;
			defaultConfigurationName = Release;
		};
/* End XCConfigurationList section */
	};
	rootObject = E95A641821C6583D00E973D5 /* Project object */;
}
